
Microsoft Visual Studio Solution File, Format Version 12.00
# Visual Studio Version 16
VisualStudioVersion = 16.0.31424.327
MinimumVisualStudioVersion = 10.0.40219.1
Project("{8BC9CEB8-8B4A-11D0-8D11-00A0C91BC942}") = "contribute", "contribute\contribute.vcxproj", "{E4E41AB8-6E0F-4D5C-9FCB-96DB63CC9C21}"
EndProject
Global
	GlobalSection(SolutionConfigurationPlatforms) = preSolution
		Debug|x64 = Debug|x64
		Debug|x86 = Debug|x86
		Release|x64 = Release|x64
		Release|x86 = Release|x86
	EndGlobalSection
	GlobalSection(ProjectConfigurationPlatforms) = postSolution
		{E4E41AB8-6E0F-4D5C-9FCB-96DB63CC9C21}.Debug|x64.ActiveCfg = Debug|x64
		{E4E41AB8-6E0F-4D5C-9FCB-96DB63CC9C21}.Debug|x64.Build.0 = Debug|x64
		{E4E41AB8-6E0F-4D5C-9FCB-96DB63CC9C21}.Debug|x86.ActiveCfg = Debug|Win32
		{E4E41AB8-6E0F-4D5C-9FCB-96DB63CC9C21}.Debug|x86.Build.0 = Debug|Win32
		{E4E41AB8-6E0F-4D5C-9FCB-96DB63CC9C21}.Release|x64.ActiveCfg = Release|x64
		{E4E41AB8-6E0F-4D5C-9FCB-96DB63CC9C21}.Release|x64.Build.0 = Release|x64
		{E4E41AB8-6E0F-4D5C-9FCB-96DB63CC9C21}.Release|x86.ActiveCfg = Release|Win32
		{E4E41AB8-6E0F-4D5C-9FCB-96DB63CC9C21}.Release|x86.Build.0 = Release|Win32
	EndGlobalSection
	GlobalSection(SolutionProperties) = preSolution
		HideSolutionNode = FALSE
	EndGlobalSection
	GlobalSection(ExtensibilityGlobals) = postSolution
		SolutionGuid = {870E595C-B11D-448D-ACB6-CFB8AD11AB2C}
	EndGlobalSection
EndGlobal
